
Microsoft Visual Studio Solution File, Format Version 12.00
# Visual Studio Version 17
VisualStudioVersion = 17.13.35825.156
MinimumVisualStudioVersion = 10.0.40219.1
Project("{FAE04EC0-301F-11D3-BF4B-00C04F79EFBC}") = "CursorPaginationDemo", "CursorPaginationDemo\CursorPaginationDemo.csproj", "{1E804114-AE9D-42D9-B2B0-8FD45322C9B9}"
EndProject
Global
	GlobalSection(SolutionConfigurationPlatforms) = preSolution
		Debug|Any CPU = Debug|Any CPU
		Release|Any CPU = Release|Any CPU
	EndGlobalSection
	GlobalSection(ProjectConfigurationPlatforms) = postSolution
		{1E804114-AE9D-42D9-B2B0-8FD45322C9B9}.Debug|Any CPU.ActiveCfg = Debug|Any CPU
		{1E804114-AE9D-42D9-B2B0-8FD45322C9B9}.Debug|Any CPU.Build.0 = Debug|Any CPU
		{1E804114-AE9D-42D9-B2B0-8FD45322C9B9}.Release|Any CPU.ActiveCfg = Release|Any CPU
		{1E804114-AE9D-42D9-B2B0-8FD45322C9B9}.Release|Any CPU.Build.0 = Release|Any CPU
	EndGlobalSection
	GlobalSection(SolutionProperties) = preSolution
		HideSolutionNode = FALSE
	EndGlobalSection
	GlobalSection(ExtensibilityGlobals) = postSolution
		SolutionGuid = {67384CA1-2595-46F1-8E07-AFA0F556ED4B}
	EndGlobalSection
EndGlobal
