Microsoft Visual Studio Solution File, Format Version 12.00
# Visual Studio Version 17
VisualStudioVersion = 17.5.2.0
MinimumVisualStudioVersion = 10.0.40219.1
Project("{FAE04EC0-301F-11D3-BF4B-00C04F79EFBC}") = "DnSqliteDemo", "DnSqliteDemo.csproj", "{1BF43F00-9642-016F-D889-D2FDE1A0AA7F}"
EndProject
Global
	GlobalSection(SolutionConfigurationPlatforms) = preSolution
		Debug|Any CPU = Debug|Any CPU
		Release|Any CPU = Release|Any CPU
	EndGlobalSection
	GlobalSection(ProjectConfigurationPlatforms) = postSolution
		{1BF43F00-9642-016F-D889-D2FDE1A0AA7F}.Debug|Any CPU.ActiveCfg = Debug|Any CPU
		{1BF43F00-9642-016F-D889-D2FDE1A0AA7F}.Debug|Any CPU.Build.0 = Debug|Any CPU
		{1BF43F00-9642-016F-D889-D2FDE1A0AA7F}.Release|Any CPU.ActiveCfg = Release|Any CPU
		{1BF43F00-9642-016F-D889-D2FDE1A0AA7F}.Release|Any CPU.Build.0 = Release|Any CPU
	EndGlobalSection
	GlobalSection(SolutionProperties) = preSolution
		HideSolutionNode = FALSE
	EndGlobalSection
	GlobalSection(ExtensibilityGlobals) = postSolution
		SolutionGuid = {2826FE8A-6D63-4383-97AE-A6506D6A4D18}
	EndGlobalSection
EndGlobal
