
Microsoft Visual Studio Solution File, Format Version 12.00
# Visual Studio Version 17
VisualStudioVersion = 17.0.31903.59
MinimumVisualStudioVersion = 10.0.40219.1
Project("{FAE04EC0-301F-11D3-BF4B-00C04F79EFBC}") = "AzureQueueDemo.Api", "AzureQueueDemo.Api\AzureQueueDemo.Api.csproj", "{D0FAB20A-4BB6-48C0-8CA0-77F8CC51A537}"
EndProject
Project("{FAE04EC0-301F-11D3-BF4B-00C04F79EFBC}") = "PersonDataFunction", "PersonDataFunction\PersonDataFunction.csproj", "{69FCDE0C-78F6-4655-9FA1-7BE7DE8F3007}"
EndProject
Global
	GlobalSection(SolutionConfigurationPlatforms) = preSolution
		Debug|Any CPU = Debug|Any CPU
		Debug|x64 = Debug|x64
		Debug|x86 = Debug|x86
		Release|Any CPU = Release|Any CPU
		Release|x64 = Release|x64
		Release|x86 = Release|x86
	EndGlobalSection
	GlobalSection(ProjectConfigurationPlatforms) = postSolution
		{D0FAB20A-4BB6-48C0-8CA0-77F8CC51A537}.Debug|Any CPU.ActiveCfg = Debug|Any CPU
		{D0FAB20A-4BB6-48C0-8CA0-77F8CC51A537}.Debug|Any CPU.Build.0 = Debug|Any CPU
		{D0FAB20A-4BB6-48C0-8CA0-77F8CC51A537}.Debug|x64.ActiveCfg = Debug|Any CPU
		{D0FAB20A-4BB6-48C0-8CA0-77F8CC51A537}.Debug|x64.Build.0 = Debug|Any CPU
		{D0FAB20A-4BB6-48C0-8CA0-77F8CC51A537}.Debug|x86.ActiveCfg = Debug|Any CPU
		{D0FAB20A-4BB6-48C0-8CA0-77F8CC51A537}.Debug|x86.Build.0 = Debug|Any CPU
		{D0FAB20A-4BB6-48C0-8CA0-77F8CC51A537}.Release|Any CPU.ActiveCfg = Release|Any CPU
		{D0FAB20A-4BB6-48C0-8CA0-77F8CC51A537}.Release|Any CPU.Build.0 = Release|Any CPU
		{D0FAB20A-4BB6-48C0-8CA0-77F8CC51A537}.Release|x64.ActiveCfg = Release|Any CPU
		{D0FAB20A-4BB6-48C0-8CA0-77F8CC51A537}.Release|x64.Build.0 = Release|Any CPU
		{D0FAB20A-4BB6-48C0-8CA0-77F8CC51A537}.Release|x86.ActiveCfg = Release|Any CPU
		{D0FAB20A-4BB6-48C0-8CA0-77F8CC51A537}.Release|x86.Build.0 = Release|Any CPU
		{69FCDE0C-78F6-4655-9FA1-7BE7DE8F3007}.Debug|Any CPU.ActiveCfg = Debug|Any CPU
		{69FCDE0C-78F6-4655-9FA1-7BE7DE8F3007}.Debug|Any CPU.Build.0 = Debug|Any CPU
		{69FCDE0C-78F6-4655-9FA1-7BE7DE8F3007}.Debug|x64.ActiveCfg = Debug|Any CPU
		{69FCDE0C-78F6-4655-9FA1-7BE7DE8F3007}.Debug|x64.Build.0 = Debug|Any CPU
		{69FCDE0C-78F6-4655-9FA1-7BE7DE8F3007}.Debug|x86.ActiveCfg = Debug|Any CPU
		{69FCDE0C-78F6-4655-9FA1-7BE7DE8F3007}.Debug|x86.Build.0 = Debug|Any CPU
		{69FCDE0C-78F6-4655-9FA1-7BE7DE8F3007}.Release|Any CPU.ActiveCfg = Release|Any CPU
		{69FCDE0C-78F6-4655-9FA1-7BE7DE8F3007}.Release|Any CPU.Build.0 = Release|Any CPU
		{69FCDE0C-78F6-4655-9FA1-7BE7DE8F3007}.Release|x64.ActiveCfg = Release|Any CPU
		{69FCDE0C-78F6-4655-9FA1-7BE7DE8F3007}.Release|x64.Build.0 = Release|Any CPU
		{69FCDE0C-78F6-4655-9FA1-7BE7DE8F3007}.Release|x86.ActiveCfg = Release|Any CPU
		{69FCDE0C-78F6-4655-9FA1-7BE7DE8F3007}.Release|x86.Build.0 = Release|Any CPU
	EndGlobalSection
	GlobalSection(SolutionProperties) = preSolution
		HideSolutionNode = FALSE
	EndGlobalSection
	GlobalSection(ExtensibilityGlobals) = postSolution
		SolutionGuid = {B8D90B8D-2B1F-4ABC-A5C4-3582C9191FBE}
	EndGlobalSection
EndGlobal
